// !$*UTF8*$!
{
	archiveVersion = 1;
	classes = {
	};
	objectVersion = 56;
	objects = {

/* Begin PBXBuildFile section */
		900AD3062AB09B1C00BB8841 /* AppDelegate.swift in Sources */ = {isa = PBXBuildFile; fileRef = 900AD3052AB09B1C00BB8841 /* AppDelegate.swift */; };
		900AD3082AB09B1C00BB8841 /* SceneDelegate.swift in Sources */ = {isa = PBXBuildFile; fileRef = 900AD3072AB09B1C00BB8841 /* SceneDelegate.swift */; };
		900AD30A2AB09B1C00BB8841 /* ViewController.swift in Sources */ = {isa = PBXBuildFile; fileRef = 900AD3092AB09B1C00BB8841 /* ViewController.swift */; };
		900AD30D2AB09B1C00BB8841 /* Main.storyboard in Resources */ = {isa = PBXBuildFile; fileRef = 900AD30B2AB09B1C00BB8841 /* Main.storyboard */; };
		900AD3122AB09B1F00BB8841 /* LaunchScreen.storyboard in Resources */ = {isa = PBXBuildFile; fileRef = 900AD3102AB09B1F00BB8841 /* LaunchScreen.storyboard */; };
		902A4AA02AB22F06007E764E /* ContadorDistintoViewController.swift in Sources */ = {isa = PBXBuildFile; fileRef = 902A4A9F2AB22F06007E764E /* ContadorDistintoViewController.swift */; };
		907155CA2AB1E8C300693AE9 /* Assets.xcassets in Resources */ = {isa = PBXBuildFile; fileRef = 900AD30E2AB09B1F00BB8841 /* Assets.xcassets */; };
/* End PBXBuildFile section */

/* Begin PBXFileReference section */
		900AD3022AB09B1C00BB8841 /* contadorTruco.app */ = {isa = PBXFileReference; explicitFileType = wrapper.application; includeInIndex = 0; path = contadorTruco.app; sourceTree = BUILT_PRODUCTS_DIR; };
		900AD3052AB09B1C00BB8841 /* AppDelegate.swift */ = {isa = PBXFileReference; lastKnownFileType = sourcecode.swift; path = AppDelegate.swift; sourceTree = "<group>"; };
		900AD3072AB09B1C00BB8841 /* SceneDelegate.swift */ = {isa = PBXFileReference; lastKnownFileType = sourcecode.swift; path = SceneDelegate.swift; sourceTree = "<group>"; };
		900AD3092AB09B1C00BB8841 /* ViewController.swift */ = {isa = PBXFileReference; lastKnownFileType = sourcecode.swift; path = ViewController.swift; sourceTree = "<group>"; };
		900AD30C2AB09B1C00BB8841 /* Base */ = {isa = PBXFileReference; lastKnownFileType = file.storyboard; name = Base; path = Base.lproj/Main.storyboard; sourceTree = "<group>"; };
		900AD30E2AB09B1F00BB8841 /* Assets.xcassets */ = {isa = PBXFileReference; lastKnownFileType = folder.assetcatalog; path = Assets.xcassets; sourceTree = "<group>"; };
		900AD3112AB09B1F00BB8841 /* Base */ = {isa = PBXFileReference; lastKnownFileType = file.storyboard; name = Base; path = Base.lproj/LaunchScreen.storyboard; sourceTree = "<group>"; };
		900AD3132AB09B1F00BB8841 /* Info.plist */ = {isa = PBXFileReference; lastKnownFileType = text.plist.xml; path = Info.plist; sourceTree = "<group>"; };
		902A4A9F2AB22F06007E764E /* ContadorDistintoViewController.swift */ = {isa = PBXFileReference; lastKnownFileType = sourcecode.swift; path = ContadorDistintoViewController.swift; sourceTree = "<group>"; };
/* End PBXFileReference section */

/* Begin PBXFrameworksBuildPhase section */
		900AD2FF2AB09B1C00BB8841 /* Frameworks */ = {
			isa = PBXFrameworksBuildPhase;
			buildActionMask = 2147483647;
			files = (
			);
			runOnlyForDeploymentPostprocessing = 0;
		};
/* End PBXFrameworksBuildPhase section */

/* Begin PBXGroup section */
		900AD2F92AB09B1C00BB8841 = {
			isa = PBXGroup;
			children = (
				900AD3042AB09B1C00BB8841 /* contadorTruco */,
				900AD3032AB09B1C00BB8841 /* Products */,
			);
			sourceTree = "<group>";
		};
		900AD3032AB09B1C00BB8841 /* Products */ = {
			isa = PBXGroup;
			children = (
				900AD3022AB09B1C00BB8841 /* contadorTruco.app */,
			);
			name = Products;
			sourceTree = "<group>";
		};
		900AD3042AB09B1C00BB8841 /* contadorTruco */ = {
			isa = PBXGroup;
			children = (
				900AD3052AB09B1C00BB8841 /* AppDelegate.swift */,
				900AD3072AB09B1C00BB8841 /* SceneDelegate.swift */,
				900AD3092AB09B1C00BB8841 /* ViewController.swift */,
				902A4A9F2AB22F06007E764E /* ContadorDistintoViewController.swift */,
				900AD30B2AB09B1C00BB8841 /* Main.storyboard */,
				900AD30E2AB09B1F00BB8841 /* Assets.xcassets */,
				900AD3102AB09B1F00BB8841 /* LaunchScreen.storyboard */,
				900AD3132AB09B1F00BB8841 /* Info.plist */,
			);
			path = contadorTruco;
			sourceTree = "<group>";
		};
/* End PBXGroup section */

/* Begin PBXNativeTarget section */
		900AD3012AB09B1C00BB8841 /* contadorTruco */ = {
			isa = PBXNativeTarget;
			buildConfigurationList = 900AD3162AB09B1F00BB8841 /* Build configuration list for PBXNativeTarget "contadorTruco" */;
			buildPhases = (
				900AD2FE2AB09B1C00BB8841 /* Sources */,
				900AD2FF2AB09B1C00BB8841 /* Frameworks */,
				900AD3002AB09B1C00BB8841 /* Resources */,
			);
			buildRules = (
			);
			dependencies = (
			);
			name = contadorTruco;
			productName = contadorTruco;
			productReference = 900AD3022AB09B1C00BB8841 /* contadorTruco.app */;
			productType = "com.apple.product-type.application";
		};
/* End PBXNativeTarget section */

/* Begin PBXProject section */
		900AD2FA2AB09B1C00BB8841 /* Project object */ = {
			isa = PBXProject;
			attributes = {
				BuildIndependentTargetsInParallel = 1;
				LastSwiftUpdateCheck = 1430;
				LastUpgradeCheck = 1430;
				TargetAttributes = {
					900AD3012AB09B1C00BB8841 = {
						CreatedOnToolsVersion = 14.3.1;
					};
				};
			};
			buildConfigurationList = 900AD2FD2AB09B1C00BB8841 /* Build configuration list for PBXProject "contadorTruco" */;
			compatibilityVersion = "Xcode 14.0";
			developmentRegion = en;
			hasScannedForEncodings = 0;
			knownRegions = (
				en,
				Base,
			);
			mainGroup = 900AD2F92AB09B1C00BB8841;
			productRefGroup = 900AD3032AB09B1C00BB8841 /* Products */;
			projectDirPath = "";
			projectRoot = "";
			targets = (
				900AD3012AB09B1C00BB8841 /* contadorTruco */,
			);
		};
/* End PBXProject section */

/* Begin PBXResourcesBuildPhase section */
		900AD3002AB09B1C00BB8841 /* Resources */ = {
			isa = PBXResourcesBuildPhase;
			buildActionMask = 2147483647;
			files = (
				900AD3122AB09B1F00BB8841 /* LaunchScreen.storyboard in Resources */,
				907155CA2AB1E8C300693AE9 /* Assets.xcassets in Resources */,
				900AD30D2AB09B1C00BB8841 /* Main.storyboard in Resources */,
			);
			runOnlyForDeploymentPostprocessing = 0;
		};
/* End PBXResourcesBuildPhase section */

/* Begin PBXSourcesBuildPhase section */
		900AD2FE2AB09B1C00BB8841 /* Sources */ = {
			isa = PBXSourcesBuildPhase;
			buildActionMask = 2147483647;
			files = (
				900AD30A2AB09B1C00BB8841 /* ViewController.swift in Sources */,
				900AD3062AB09B1C00BB8841 /* AppDelegate.swift in Sources */,
				902A4AA02AB22F06007E764E /* ContadorDistintoViewController.swift in Sources */,
				900AD3082AB09B1C00BB8841 /* SceneDelegate.swift in Sources */,
			);
			runOnlyForDeploymentPostprocessing = 0;
		};
/* End PBXSourcesBuildPhase section */

/* Begin PBXVariantGroup section */
		900AD30B2AB09B1C00BB8841 /* Main.storyboard */ = {
			isa = PBXVariantGroup;
			children = (
				900AD30C2AB09B1C00BB8841 /* Base */,
			);
			name = Main.storyboard;
			sourceTree = "<group>";
		};
		900AD3102AB09B1F00BB8841 /* LaunchScreen.storyboard */ = {
			isa = PBXVariantGroup;
			children = (
				900AD3112AB09B1F00BB8841 /* Base */,
			);
			name = LaunchScreen.storyboard;
			sourceTree = "<group>";
		};
/* End PBXVariantGroup section */

/* Begin XCBuildConfiguration section */
		900AD3142AB09B1F00BB8841 /* Debug */ = {
			isa = XCBuildConfiguration;
			buildSettings = {
				ALWAYS_SEARCH_USER_PATHS = NO;
				CLANG_ANALYZER_NONNULL = YES;
				CLANG_ANALYZER_NUMBER_OBJECT_CONVERSION = YES_AGGRESSIVE;
				CLANG_CXX_LANGUAGE_STANDARD = "gnu++20";
				CLANG_ENABLE_MODULES = YES;
				CLANG_ENABLE_OBJC_ARC = YES;
				CLANG_ENABLE_OBJC_WEAK = YES;
				CLANG_WARN_BLOCK_CAPTURE_AUTORELEASING = YES;
				CLANG_WARN_BOOL_CONVERSION = YES;
				CLANG_WARN_COMMA = YES;
				CLANG_WARN_CONSTANT_CONVERSION = YES;
				CLANG_WARN_DEPRECATED_OBJC_IMPLEMENTATIONS = YES;
				CLANG_WARN_DIRECT_OBJC_ISA_USAGE = YES_ERROR;
				CLANG_WARN_DOCUMENTATION_COMMENTS = YES;
				CLANG_WARN_EMPTY_BODY = YES;
				CLANG_WARN_ENUM_CONVERSION = YES;
				CLANG_WARN_INFINITE_RECURSION = YES;
				CLANG_WARN_INT_CONVERSION = YES;
				CLANG_WARN_NON_LITERAL_NULL_CONVERSION = YES;
				CLANG_WARN_OBJC_IMPLICIT_RETAIN_SELF = YES;
				CLANG_WARN_OBJC_LITERAL_CONVERSION = YES;
				CLANG_WARN_OBJC_ROOT_CLASS = YES_ERROR;
				CLANG_WARN_QUOTED_INCLUDE_IN_FRAMEWORK_HEADER = YES;
				CLANG_WARN_RANGE_LOOP_ANALYSIS = YES;
				CLANG_WARN_STRICT_PROTOTYPES = YES;
				CLANG_WARN_SUSPICIOUS_MOVE = YES;
				CLANG_WARN_UNGUARDED_AVAILABILITY = YES_AGGRESSIVE;
				CLANG_WARN_UNREACHABLE_CODE = YES;
				CLANG_WARN__DUPLICATE_METHOD_MATCH = YES;
				COPY_PHASE_STRIP = NO;
				DEBUG_INFORMATION_FORMAT = dwarf;
				ENABLE_STRICT_OBJC_MSGSEND = YES;
				ENABLE_TESTABILITY = YES;
				GCC_C_LANGUAGE_STANDARD = gnu11;
				GCC_DYNAMIC_NO_PIC = NO;
				GCC_NO_COMMON_BLOCKS = YES;
				GCC_OPTIMIZATION_LEVEL = 0;
				GCC_PREPROCESSOR_DEFINITIONS = (
					"DEBUG=1",
					"$(inherited)",
				);
				GCC_WARN_64_TO_32_BIT_CONVERSION = YES;
				GCC_WARN_ABOUT_RETURN_TYPE = YES_ERROR;
				GCC_WARN_UNDECLARED_SELECTOR = YES;
				GCC_WARN_UNINITIALIZED_AUTOS = YES_AGGRESSIVE;
				GCC_WARN_UNUSED_FUNCTION = YES;
				GCC_WARN_UNUSED_VARIABLE = YES;
				IPHONEOS_DEPLOYMENT_TARGET = 16.4;
				MTL_ENABLE_DEBUG_INFO = INCLUDE_SOURCE;
				MTL_FAST_MATH = YES;
				ONLY_ACTIVE_ARCH = YES;
				SDKROOT = iphoneos;
				SWIFT_ACTIVE_COMPILATION_CONDITIONS = DEBUG;
				SWIFT_OPTIMIZATION_LEVEL = "-Onone";
			};
			name = Debug;
		};
		900AD3152AB09B1F00BB8841 /* Release */ = {
			isa = XCBuildConfiguration;
			buildSettings = {
				ALWAYS_SEARCH_USER_PATHS = NO;
				CLANG_ANALYZER_NONNULL = YES;
				CLANG_ANALYZER_NUMBER_OBJECT_CONVERSION = YES_AGGRESSIVE;
				CLANG_CXX_LANGUAGE_STANDARD = "gnu++20";
				CLANG_ENABLE_MODULES = YES;
				CLANG_ENABLE_OBJC_ARC = YES;
				CLANG_ENABLE_OBJC_WEAK = YES;
				CLANG_WARN_BLOCK_CAPTURE_AUTORELEASING = YES;
				CLANG_WARN_BOOL_CONVERSION = YES;
				CLANG_WARN_COMMA = YES;
				CLANG_WARN_CONSTANT_CONVERSION = YES;
				CLANG_WARN_DEPRECATED_OBJC_IMPLEMENTATIONS = YES;
				CLANG_WARN_DIRECT_OBJC_ISA_USAGE = YES_ERROR;
				CLANG_WARN_DOCUMENTATION_COMMENTS = YES;
				CLANG_WARN_EMPTY_BODY = YES;
				CLANG_WARN_ENUM_CONVERSION = YES;
				CLANG_WARN_INFINITE_RECURSION = YES;
				CLANG_WARN_INT_CONVERSION = YES;
				CLANG_WARN_NON_LITERAL_NULL_CONVERSION = YES;
				CLANG_WARN_OBJC_IMPLICIT_RETAIN_SELF = YES;
				CLANG_WARN_OBJC_LITERAL_CONVERSION = YES;
				CLANG_WARN_OBJC_ROOT_CLASS = YES_ERROR;
				CLANG_WARN_QUOTED_INCLUDE_IN_FRAMEWORK_HEADER = YES;
				CLANG_WARN_RANGE_LOOP_ANALYSIS = YES;
				CLANG_WARN_STRICT_PROTOTYPES = YES;
				CLANG_WARN_SUSPICIOUS_MOVE = YES;
				CLANG_WARN_UNGUARDED_AVAILABILITY = YES_AGGRESSIVE;
				CLANG_WARN_UNREACHABLE_CODE = YES;
				CLANG_WARN__DUPLICATE_METHOD_MATCH = YES;
				COPY_PHASE_STRIP = NO;
				DEBUG_INFORMATION_FORMAT = "dwarf-with-dsym";
				ENABLE_NS_ASSERTIONS = NO;
				ENABLE_STRICT_OBJC_MSGSEND = YES;
				GCC_C_LANGUAGE_STANDARD = gnu11;
				GCC_NO_COMMON_BLOCKS = YES;
				GCC_WARN_64_TO_32_BIT_CONVERSION = YES;
				GCC_WARN_ABOUT_RETURN_TYPE = YES_ERROR;
				GCC_WARN_UNDECLARED_SELECTOR = YES;
				GCC_WARN_UNINITIALIZED_AUTOS = YES_AGGRESSIVE;
				GCC_WARN_UNUSED_FUNCTION = YES;
				GCC_WARN_UNUSED_VARIABLE = YES;
				IPHONEOS_DEPLOYMENT_TARGET = 16.4;
				MTL_ENABLE_DEBUG_INFO = NO;
				MTL_FAST_MATH = YES;
				SDKROOT = iphoneos;
				SWIFT_COMPILATION_MODE = wholemodule;
				SWIFT_OPTIMIZATION_LEVEL = "-O";
				VALIDATE_PRODUCT = YES;
			};
			name = Release;
		};
		900AD3172AB09B1F00BB8841 /* Debug */ = {
			isa = XCBuildConfiguration;
			buildSettings = {
				ASSETCATALOG_COMPILER_APPICON_NAME = AppIcon;
				ASSETCATALOG_COMPILER_GLOBAL_ACCENT_COLOR_NAME = AccentColor;
				CODE_SIGN_STYLE = Automatic;
				CURRENT_PROJECT_VERSION = 1;
				DEVELOPMENT_TEAM = BBM5STNSVN;
				GENERATE_INFOPLIST_FILE = YES;
				INFOPLIST_FILE = contadorTruco/Info.plist;
				INFOPLIST_KEY_UIApplicationSupportsIndirectInputEvents = YES;
				INFOPLIST_KEY_UILaunchStoryboardName = LaunchScreen;
				INFOPLIST_KEY_UIMainStoryboardFile = Main;
				INFOPLIST_KEY_UISupportedInterfaceOrientations_iPad = "UIInterfaceOrientationPortrait UIInterfaceOrientationPortraitUpsideDown UIInterfaceOrientationLandscapeLeft UIInterfaceOrientationLandscapeRight";
				INFOPLIST_KEY_UISupportedInterfaceOrientations_iPhone = "UIInterfaceOrientationPortrait UIInterfaceOrientationLandscapeLeft UIInterfaceOrientationLandscapeRight";
				LD_RUNPATH_SEARCH_PATHS = (
					"$(inherited)",
					"@executable_path/Frameworks",
				);
				MARKETING_VERSION = 1.0;
				PRODUCT_BUNDLE_IDENTIFIER = com.nicolasfiore.contadorTruco;
				PRODUCT_NAME = "$(TARGET_NAME)";
				SWIFT_EMIT_LOC_STRINGS = YES;
				SWIFT_VERSION = 5.0;
				TARGETED_DEVICE_FAMILY = "1,2";
			};
			name = Debug;
		};
		900AD3182AB09B1F00BB8841 /* Release */ = {
			isa = XCBuildConfiguration;
			buildSettings = {
				ASSETCATALOG_COMPILER_APPICON_NAME = AppIcon;
				ASSETCATALOG_COMPILER_GLOBAL_ACCENT_COLOR_NAME = AccentColor;
				CODE_SIGN_STYLE = Automatic;
				CURRENT_PROJECT_VERSION = 1;
				DEVELOPMENT_TEAM = BBM5STNSVN;
				GENERATE_INFOPLIST_FILE = YES;
				INFOPLIST_FILE = contadorTruco/Info.plist;
				INFOPLIST_KEY_UIApplicationSupportsIndirectInputEvents = YES;
				INFOPLIST_KEY_UILaunchStoryboardName = LaunchScreen;
				INFOPLIST_KEY_UIMainStoryboardFile = Main;
				INFOPLIST_KEY_UISupportedInterfaceOrientations_iPad = "UIInterfaceOrientationPortrait UIInterfaceOrientationPortraitUpsideDown UIInterfaceOrientationLandscapeLeft UIInterfaceOrientationLandscapeRight";
				INFOPLIST_KEY_UISupportedInterfaceOrientations_iPhone = "UIInterfaceOrientationPortrait UIInterfaceOrientationLandscapeLeft UIInterfaceOrientationLandscapeRight";
				LD_RUNPATH_SEARCH_PATHS = (
					"$(inherited)",
					"@executable_path/Frameworks",
				);
				MARKETING_VERSION = 1.0;
				PRODUCT_BUNDLE_IDENTIFIER = com.nicolasfiore.contadorTruco;
				PRODUCT_NAME = "$(TARGET_NAME)";
				SWIFT_EMIT_LOC_STRINGS = YES;
				SWIFT_VERSION = 5.0;
				TARGETED_DEVICE_FAMILY = "1,2";
			};
			name = Release;
		};
/* End XCBuildConfiguration section */

/* Begin XCConfigurationList section */
		900AD2FD2AB09B1C00BB8841 /* Build configuration list for PBXProject "contadorTruco" */ = {
			isa = XCConfigurationList;
			buildConfigurations = (
				900AD3142AB09B1F00BB8841 /* Debug */,
				900AD3152AB09B1F00BB8841 /* Release */,
			);
			defaultConfigurationIsVisible = 0;
			defaultConfigurationName = Release;
		};
		900AD3162AB09B1F00BB8841 /* Build configuration list for PBXNativeTarget "contadorTruco" */ = {
			isa = XCConfigurationList;
			buildConfigurations = (
				900AD3172AB09B1F00BB8841 /* Debug */,
				900AD3182AB09B1F00BB8841 /* Release */,
			);
			defaultConfigurationIsVisible = 0;
			defaultConfigurationName = Release;
		};
/* End XCConfigurationList section */
	};
	rootObject = 900AD2FA2AB09B1C00BB8841 /* Project object */;
}
